
Microsoft Visual Studio Solution File, Format Version 12.00
# Visual Studio Version 17
VisualStudioVersion = 17.9.34902.65
MinimumVisualStudioVersion = 10.0.40219.1
Project("{FAE04EC0-301F-11D3-BF4B-00C04F79EFBC}") = "PresentationLayer", "ChessTracker\PresentationLayer.csproj", "{59044DF5-1724-4481-8813-9E8B49A1862A}"
EndProject
Project("{FAE04EC0-301F-11D3-BF4B-00C04F79EFBC}") = "DataAccessLayer", "DataAccessLayer\DataAccessLayer.csproj", "{3AD7B607-2C8A-4416-AEAA-B269900E5E12}"
EndProject
Project("{FAE04EC0-301F-11D3-BF4B-00C04F79EFBC}") = "BusinessLogicLayer", "BusinessLogicLayer\BusinessLogicLayer.csproj", "{B83CBFF9-E11D-452D-8A63-7C57D0BBB01E}"
EndProject
Project("{FAE04EC0-301F-11D3-BF4B-00C04F79EFBC}") = "EntitiesLayer", "EntitiesLayer\EntitiesLayer.csproj", "{5E3A5C50-A18A-4235-AC89-8A03D4CB7E1C}"
EndProject
Project("{FAE04EC0-301F-11D3-BF4B-00C04F79EFBC}") = "Tests", "Tests\Tests.csproj", "{3498F573-E5AD-4967-A00A-ED74899AF398}"
EndProject
Global
	GlobalSection(SolutionConfigurationPlatforms) = preSolution
		Debug|Any CPU = Debug|Any CPU
		Release|Any CPU = Release|Any CPU
	EndGlobalSection
	GlobalSection(ProjectConfigurationPlatforms) = postSolution
		{59044DF5-1724-4481-8813-9E8B49A1862A}.Debug|Any CPU.ActiveCfg = Debug|Any CPU
		{59044DF5-1724-4481-8813-9E8B49A1862A}.Debug|Any CPU.Build.0 = Debug|Any CPU
		{59044DF5-1724-4481-8813-9E8B49A1862A}.Release|Any CPU.ActiveCfg = Release|Any CPU
		{59044DF5-1724-4481-8813-9E8B49A1862A}.Release|Any CPU.Build.0 = Release|Any CPU
		{3AD7B607-2C8A-4416-AEAA-B269900E5E12}.Debug|Any CPU.ActiveCfg = Debug|Any CPU
		{3AD7B607-2C8A-4416-AEAA-B269900E5E12}.Debug|Any CPU.Build.0 = Debug|Any CPU
		{3AD7B607-2C8A-4416-AEAA-B269900E5E12}.Release|Any CPU.ActiveCfg = Release|Any CPU
		{3AD7B607-2C8A-4416-AEAA-B269900E5E12}.Release|Any CPU.Build.0 = Release|Any CPU
		{B83CBFF9-E11D-452D-8A63-7C57D0BBB01E}.Debug|Any CPU.ActiveCfg = Debug|Any CPU
		{B83CBFF9-E11D-452D-8A63-7C57D0BBB01E}.Debug|Any CPU.Build.0 = Debug|Any CPU
		{B83CBFF9-E11D-452D-8A63-7C57D0BBB01E}.Release|Any CPU.ActiveCfg = Release|Any CPU
		{B83CBFF9-E11D-452D-8A63-7C57D0BBB01E}.Release|Any CPU.Build.0 = Release|Any CPU
		{5E3A5C50-A18A-4235-AC89-8A03D4CB7E1C}.Debug|Any CPU.ActiveCfg = Debug|Any CPU
		{5E3A5C50-A18A-4235-AC89-8A03D4CB7E1C}.Debug|Any CPU.Build.0 = Debug|Any CPU
		{5E3A5C50-A18A-4235-AC89-8A03D4CB7E1C}.Release|Any CPU.ActiveCfg = Release|Any CPU
		{5E3A5C50-A18A-4235-AC89-8A03D4CB7E1C}.Release|Any CPU.Build.0 = Release|Any CPU
		{3498F573-E5AD-4967-A00A-ED74899AF398}.Debug|Any CPU.ActiveCfg = Debug|Any CPU
		{3498F573-E5AD-4967-A00A-ED74899AF398}.Debug|Any CPU.Build.0 = Debug|Any CPU
		{3498F573-E5AD-4967-A00A-ED74899AF398}.Release|Any CPU.ActiveCfg = Release|Any CPU
		{3498F573-E5AD-4967-A00A-ED74899AF398}.Release|Any CPU.Build.0 = Release|Any CPU
	EndGlobalSection
	GlobalSection(SolutionProperties) = preSolution
		HideSolutionNode = FALSE
	EndGlobalSection
	GlobalSection(ExtensibilityGlobals) = postSolution
		SolutionGuid = {7B56975A-C950-476B-9216-8F785979DAA4}
	EndGlobalSection
EndGlobal
